
Microsoft Visual Studio Solution File, Format Version 12.00
# Visual Studio Version 16
VisualStudioVersion = 16.0.30114.105
MinimumVisualStudioVersion = 10.0.40219.1
Project("{FAE04EC0-301F-11D3-BF4B-00C04F79EFBC}") = "Graphs", "Graphs\Graphs.csproj", "{9835C358-B119-4146-BE3C-77A0CB2DE1AD}"
EndProject
Global
	GlobalSection(SolutionConfigurationPlatforms) = preSolution
		Debug|Any CPU = Debug|Any CPU
		Release|Any CPU = Release|Any CPU
	EndGlobalSection
	GlobalSection(ProjectConfigurationPlatforms) = postSolution
		{9835C358-B119-4146-BE3C-77A0CB2DE1AD}.Debug|Any CPU.ActiveCfg = Debug|Any CPU
		{9835C358-B119-4146-BE3C-77A0CB2DE1AD}.Debug|Any CPU.Build.0 = Debug|Any CPU
		{9835C358-B119-4146-BE3C-77A0CB2DE1AD}.Release|Any CPU.ActiveCfg = Release|Any CPU
		{9835C358-B119-4146-BE3C-77A0CB2DE1AD}.Release|Any CPU.Build.0 = Release|Any CPU
	EndGlobalSection
	GlobalSection(SolutionProperties) = preSolution
		HideSolutionNode = FALSE
	EndGlobalSection
	GlobalSection(ExtensibilityGlobals) = postSolution
		SolutionGuid = {DDD36F17-DFD4-4CDD-99ED-08DAA40314CB}
	EndGlobalSection
EndGlobal
